
Microsoft Visual Studio Solution File, Format Version 12.00
# Visual Studio Version 16
VisualStudioVersion = 16.0.31729.503
MinimumVisualStudioVersion = 10.0.40219.1
Project("{FAE04EC0-301F-11D3-BF4B-00C04F79EFBC}") = "MCD_ListGeneric", "MCD_ListGeneric\MCD_ListGeneric.csproj", "{46AC54C6-D7ED-4702-B672-5B0DFF187E30}"
EndProject
Global
	GlobalSection(SolutionConfigurationPlatforms) = preSolution
		Debug|Any CPU = Debug|Any CPU
		Release|Any CPU = Release|Any CPU
	EndGlobalSection
	GlobalSection(ProjectConfigurationPlatforms) = postSolution
		{46AC54C6-D7ED-4702-B672-5B0DFF187E30}.Debug|Any CPU.ActiveCfg = Debug|Any CPU
		{46AC54C6-D7ED-4702-B672-5B0DFF187E30}.Debug|Any CPU.Build.0 = Debug|Any CPU
		{46AC54C6-D7ED-4702-B672-5B0DFF187E30}.Release|Any CPU.ActiveCfg = Release|Any CPU
		{46AC54C6-D7ED-4702-B672-5B0DFF187E30}.Release|Any CPU.Build.0 = Release|Any CPU
	EndGlobalSection
	GlobalSection(SolutionProperties) = preSolution
		HideSolutionNode = FALSE
	EndGlobalSection
	GlobalSection(ExtensibilityGlobals) = postSolution
		SolutionGuid = {B9775A35-ADE5-4ACE-BB0E-6B7D8484C07C}
	EndGlobalSection
EndGlobal
